
Microsoft Visual Studio Solution File, Format Version 12.00
# Visual Studio 2012
Project("{FAE04EC0-301F-11D3-BF4B-00C04F79EFBC}") = "HW2_UITableview", "HW2_UITableview\HW2_UITableview.csproj", "{BADD1D0C-0FBF-42F8-BB8E-975950BCCE74}"
EndProject
Global
	GlobalSection(SolutionConfigurationPlatforms) = preSolution
		Debug|iPhoneSimulator = Debug|iPhoneSimulator
		Release|iPhone = Release|iPhone
		Release|iPhoneSimulator = Release|iPhoneSimulator
		Debug|iPhone = Debug|iPhone
	EndGlobalSection
	GlobalSection(ProjectConfigurationPlatforms) = postSolution
		{BADD1D0C-0FBF-42F8-BB8E-975950BCCE74}.Debug|iPhoneSimulator.ActiveCfg = Debug|iPhoneSimulator
		{BADD1D0C-0FBF-42F8-BB8E-975950BCCE74}.Debug|iPhoneSimulator.Build.0 = Debug|iPhoneSimulator
		{BADD1D0C-0FBF-42F8-BB8E-975950BCCE74}.Release|iPhone.ActiveCfg = Release|iPhone
		{BADD1D0C-0FBF-42F8-BB8E-975950BCCE74}.Release|iPhone.Build.0 = Release|iPhone
		{BADD1D0C-0FBF-42F8-BB8E-975950BCCE74}.Release|iPhoneSimulator.ActiveCfg = Release|iPhoneSimulator
		{BADD1D0C-0FBF-42F8-BB8E-975950BCCE74}.Release|iPhoneSimulator.Build.0 = Release|iPhoneSimulator
		{BADD1D0C-0FBF-42F8-BB8E-975950BCCE74}.Debug|iPhone.ActiveCfg = Debug|iPhone
		{BADD1D0C-0FBF-42F8-BB8E-975950BCCE74}.Debug|iPhone.Build.0 = Debug|iPhone
	EndGlobalSection
EndGlobal
